
Microsoft Visual Studio Solution File, Format Version 12.00
# Visual Studio Version 16
VisualStudioVersion = 16.0.34601.136
MinimumVisualStudioVersion = 10.0.40219.1
Project("{FAE04EC0-301F-11D3-BF4B-00C04F79EFBC}") = "KKProje.CvApp.Entities", "KKProje.CvApp.Entities\KKProje.CvApp.Entities.csproj", "{0F165F69-8C0A-413E-8CE9-CF586818AB93}"
EndProject
Project("{FAE04EC0-301F-11D3-BF4B-00C04F79EFBC}") = "KKProje.CvApp.DataAccess", "KKProje.CvApp.DataAccess\KKProje.CvApp.DataAccess.csproj", "{1E8071C8-CD9C-4AD7-8379-1B1E52FA4559}"
EndProject
Project("{FAE04EC0-301F-11D3-BF4B-00C04F79EFBC}") = "KKProje.CvApp.DTO", "KKProje.CvApp.DTO\KKProje.CvApp.DTO.csproj", "{BFBCFD86-3D04-4523-986D-80CF34C9C207}"
EndProject
Project("{FAE04EC0-301F-11D3-BF4B-00C04F79EFBC}") = "KKProje.CvApp.Business", "KKProje.CvApp.Business\KKProje.CvApp.Business.csproj", "{15793D30-DC90-402F-A99F-9A65CAD74ED5}"
EndProject
Project("{FAE04EC0-301F-11D3-BF4B-00C04F79EFBC}") = "KKProje.CvApp.Web", "KKProje.CvApp.Web\KKProje.CvApp.Web\KKProje.CvApp.Web.csproj", "{1B251A16-0C68-45C8-BE86-AD935CD29069}"
EndProject
Global
	GlobalSection(SolutionConfigurationPlatforms) = preSolution
		Debug|Any CPU = Debug|Any CPU
		Release|Any CPU = Release|Any CPU
	EndGlobalSection
	GlobalSection(ProjectConfigurationPlatforms) = postSolution
		{0F165F69-8C0A-413E-8CE9-CF586818AB93}.Debug|Any CPU.ActiveCfg = Debug|Any CPU
		{0F165F69-8C0A-413E-8CE9-CF586818AB93}.Debug|Any CPU.Build.0 = Debug|Any CPU
		{0F165F69-8C0A-413E-8CE9-CF586818AB93}.Release|Any CPU.ActiveCfg = Release|Any CPU
		{0F165F69-8C0A-413E-8CE9-CF586818AB93}.Release|Any CPU.Build.0 = Release|Any CPU
		{1E8071C8-CD9C-4AD7-8379-1B1E52FA4559}.Debug|Any CPU.ActiveCfg = Debug|Any CPU
		{1E8071C8-CD9C-4AD7-8379-1B1E52FA4559}.Debug|Any CPU.Build.0 = Debug|Any CPU
		{1E8071C8-CD9C-4AD7-8379-1B1E52FA4559}.Release|Any CPU.ActiveCfg = Release|Any CPU
		{1E8071C8-CD9C-4AD7-8379-1B1E52FA4559}.Release|Any CPU.Build.0 = Release|Any CPU
		{BFBCFD86-3D04-4523-986D-80CF34C9C207}.Debug|Any CPU.ActiveCfg = Debug|Any CPU
		{BFBCFD86-3D04-4523-986D-80CF34C9C207}.Debug|Any CPU.Build.0 = Debug|Any CPU
		{BFBCFD86-3D04-4523-986D-80CF34C9C207}.Release|Any CPU.ActiveCfg = Release|Any CPU
		{BFBCFD86-3D04-4523-986D-80CF34C9C207}.Release|Any CPU.Build.0 = Release|Any CPU
		{15793D30-DC90-402F-A99F-9A65CAD74ED5}.Debug|Any CPU.ActiveCfg = Debug|Any CPU
		{15793D30-DC90-402F-A99F-9A65CAD74ED5}.Debug|Any CPU.Build.0 = Debug|Any CPU
		{15793D30-DC90-402F-A99F-9A65CAD74ED5}.Release|Any CPU.ActiveCfg = Release|Any CPU
		{15793D30-DC90-402F-A99F-9A65CAD74ED5}.Release|Any CPU.Build.0 = Release|Any CPU
		{1B251A16-0C68-45C8-BE86-AD935CD29069}.Debug|Any CPU.ActiveCfg = Debug|Any CPU
		{1B251A16-0C68-45C8-BE86-AD935CD29069}.Debug|Any CPU.Build.0 = Debug|Any CPU
		{1B251A16-0C68-45C8-BE86-AD935CD29069}.Release|Any CPU.ActiveCfg = Release|Any CPU
		{1B251A16-0C68-45C8-BE86-AD935CD29069}.Release|Any CPU.Build.0 = Release|Any CPU
	EndGlobalSection
	GlobalSection(SolutionProperties) = preSolution
		HideSolutionNode = FALSE
	EndGlobalSection
	GlobalSection(ExtensibilityGlobals) = postSolution
		SolutionGuid = {160F2739-B7B6-44C2-B716-5AE4DAC9DCDB}
	EndGlobalSection
EndGlobal
